
Microsoft Visual Studio Solution File, Format Version 12.00
# Visual Studio Version 17
VisualStudioVersion = 17.8.34525.116
MinimumVisualStudioVersion = 10.0.40219.1
Project("{FAE04EC0-301F-11D3-BF4B-00C04F79EFBC}") = "WebAppApi", "WebAppApi\WebAppApi.csproj", "{98E5BD57-12A4-4216-94BA-7C0A56BC67DC}"
EndProject
Global
	GlobalSection(SolutionConfigurationPlatforms) = preSolution
		Debug|Any CPU = Debug|Any CPU
		Release|Any CPU = Release|Any CPU
	EndGlobalSection
	GlobalSection(ProjectConfigurationPlatforms) = postSolution
		{98E5BD57-12A4-4216-94BA-7C0A56BC67DC}.Debug|Any CPU.ActiveCfg = Debug|Any CPU
		{98E5BD57-12A4-4216-94BA-7C0A56BC67DC}.Debug|Any CPU.Build.0 = Debug|Any CPU
		{98E5BD57-12A4-4216-94BA-7C0A56BC67DC}.Release|Any CPU.ActiveCfg = Release|Any CPU
		{98E5BD57-12A4-4216-94BA-7C0A56BC67DC}.Release|Any CPU.Build.0 = Release|Any CPU
	EndGlobalSection
	GlobalSection(SolutionProperties) = preSolution
		HideSolutionNode = FALSE
	EndGlobalSection
	GlobalSection(ExtensibilityGlobals) = postSolution
		SolutionGuid = {AE4FE2BA-D367-48A4-BCD8-586E1E9F7626}
	EndGlobalSection
EndGlobal
